Microsoft Visual Studio Solution File, Format Version 12.00
# Visual Studio Version 17
VisualStudioVersion = 17.5.2.0
MinimumVisualStudioVersion = 10.0.40219.1
Project("{FAE04EC0-301F-11D3-BF4B-00C04F79EFBC}") = "HospitallApp_DBMS", "HospitallApp_DBMS.csproj", "{DE600278-BCE8-6769-2E3F-79AC050466DD}"
EndProject
Global
	GlobalSection(SolutionConfigurationPlatforms) = preSolution
		Debug|Any CPU = Debug|Any CPU
		Release|Any CPU = Release|Any CPU
	EndGlobalSection
	GlobalSection(ProjectConfigurationPlatforms) = postSolution
		{DE600278-BCE8-6769-2E3F-79AC050466DD}.Debug|Any CPU.ActiveCfg = Debug|Any CPU
		{DE600278-BCE8-6769-2E3F-79AC050466DD}.Debug|Any CPU.Build.0 = Debug|Any CPU
		{DE600278-BCE8-6769-2E3F-79AC050466DD}.Release|Any CPU.ActiveCfg = Release|Any CPU
		{DE600278-BCE8-6769-2E3F-79AC050466DD}.Release|Any CPU.Build.0 = Release|Any CPU
	EndGlobalSection
	GlobalSection(SolutionProperties) = preSolution
		HideSolutionNode = FALSE
	EndGlobalSection
	GlobalSection(ExtensibilityGlobals) = postSolution
		SolutionGuid = {A971AC09-7D36-4FE3-8269-D86D3F6CBE50}
	EndGlobalSection
EndGlobal
